# This file is autogenerated, do not edit; changes may be undone by the next 'dep ensure'.


[[projects]]
  name = "github.com/gorilla/context"
  packages = ["."]
  revision = "08b5f424b9271eedf6f9f0ce86cb9396ed337a42"
  version = "v1.1.1"

[[projects]]
  name = "github.com/gorilla/handlers"
  packages = ["."]
  revision = "a4d79d4487c2430a17d9dc8a1f74d1a6ed6908ca"

[[projects]]
  name = "github.com/gorilla/mux"
  packages = ["."]
  revision = "7625a85c14e615274a4ee4bc8654f72310a563e4"

[[projects]]
  name = "gopkg.in/mgo.v2"
  packages = [
    "bson",
    "internal/json"
  ]
  revision = "3f83fa5005286a7fe593b055f0d7771a7dce4655"

[solve-meta]
  analyzer-name = "dep"
  analyzer-version = 1
  inputs-digest = "cb71c3214fc54dfa9e30ef5c2544d099dcd60fcf92fcde1c87086025b1bf2585"
  solver-name = "gps-cdcl"
  solver-version = 1
